
Microsoft Visual Studio Solution File, Format Version 12.00
# Visual Studio Version 17
VisualStudioVersion = 17.0.31903.59
MinimumVisualStudioVersion = 10.0.40219.1
Project("{2150E333-8FDC-42A3-9474-1A3956D46DE8}") = "src", "src", "{827E0CD3-B72D-47B6-A68D-7590B98EB39B}"
EndProject
Project("{FAE04EC0-301F-11D3-BF4B-00C04F79EFBC}") = "TaskLite.Api", "src\TaskLite.Api\TaskLite.Api.csproj", "{8E296E0D-E471-4DDF-9B4C-99110E274757}"
EndProject
Project("{FAE04EC0-301F-11D3-BF4B-00C04F79EFBC}") = "TaskLite.Application", "src\TaskLite.Application\TaskLite.Application.csproj", "{5C0D368C-EAF8-4156-972B-31ECBD5D1B49}"
EndProject
Project("{FAE04EC0-301F-11D3-BF4B-00C04F79EFBC}") = "TaskLite.Domain", "src\TaskLite.Domain\TaskLite.Domain.csproj", "{90A5F2CA-74A6-484E-A423-D914257A236A}"
EndProject
Project("{FAE04EC0-301F-11D3-BF4B-00C04F79EFBC}") = "TaskLite.Infrastructure", "src\TaskLite.Infrastructure\TaskLite.Infrastructure.csproj", "{E40CABCC-D32F-4F8F-9A93-503CBCE2E184}"
EndProject
Project("{2150E333-8FDC-42A3-9474-1A3956D46DE8}") = "tests", "tests", "{0AB3BF05-4346-4AA6-1389-037BE0695223}"
EndProject
Project("{FAE04EC0-301F-11D3-BF4B-00C04F79EFBC}") = "TaskLite.UnitTests", "tests\TaskLite.UnitTests\TaskLite.UnitTests.csproj", "{7172033A-4A62-463A-955B-1E5F23DFE75E}"
EndProject
Project("{FAE04EC0-301F-11D3-BF4B-00C04F79EFBC}") = "TaskLite.IntegrationTests", "tests\TaskLite.IntegrationTests\TaskLite.IntegrationTests.csproj", "{A901DDF0-F77F-4E13-821D-9F25BF905068}"
EndProject
Global
	GlobalSection(SolutionConfigurationPlatforms) = preSolution
		Debug|Any CPU = Debug|Any CPU
		Debug|x64 = Debug|x64
		Debug|x86 = Debug|x86
		Release|Any CPU = Release|Any CPU
		Release|x64 = Release|x64
		Release|x86 = Release|x86
	EndGlobalSection
	GlobalSection(ProjectConfigurationPlatforms) = postSolution
		{8E296E0D-E471-4DDF-9B4C-99110E274757}.Debug|Any CPU.ActiveCfg = Debug|Any CPU
		{8E296E0D-E471-4DDF-9B4C-99110E274757}.Debug|Any CPU.Build.0 = Debug|Any CPU
		{8E296E0D-E471-4DDF-9B4C-99110E274757}.Debug|x64.ActiveCfg = Debug|Any CPU
		{8E296E0D-E471-4DDF-9B4C-99110E274757}.Debug|x64.Build.0 = Debug|Any CPU
		{8E296E0D-E471-4DDF-9B4C-99110E274757}.Debug|x86.ActiveCfg = Debug|Any CPU
		{8E296E0D-E471-4DDF-9B4C-99110E274757}.Debug|x86.Build.0 = Debug|Any CPU
		{8E296E0D-E471-4DDF-9B4C-99110E274757}.Release|Any CPU.ActiveCfg = Release|Any CPU
		{8E296E0D-E471-4DDF-9B4C-99110E274757}.Release|Any CPU.Build.0 = Release|Any CPU
		{8E296E0D-E471-4DDF-9B4C-99110E274757}.Release|x64.ActiveCfg = Release|Any CPU
		{8E296E0D-E471-4DDF-9B4C-99110E274757}.Release|x64.Build.0 = Release|Any CPU
		{8E296E0D-E471-4DDF-9B4C-99110E274757}.Release|x86.ActiveCfg = Release|Any CPU
		{8E296E0D-E471-4DDF-9B4C-99110E274757}.Release|x86.Build.0 = Release|Any CPU
		{5C0D368C-EAF8-4156-972B-31ECBD5D1B49}.Debug|Any CPU.ActiveCfg = Debug|Any CPU
		{5C0D368C-EAF8-4156-972B-31ECBD5D1B49}.Debug|Any CPU.Build.0 = Debug|Any CPU
		{5C0D368C-EAF8-4156-972B-31ECBD5D1B49}.Debug|x64.ActiveCfg = Debug|Any CPU
		{5C0D368C-EAF8-4156-972B-31ECBD5D1B49}.Debug|x64.Build.0 = Debug|Any CPU
		{5C0D368C-EAF8-4156-972B-31ECBD5D1B49}.Debug|x86.ActiveCfg = Debug|Any CPU
		{5C0D368C-EAF8-4156-972B-31ECBD5D1B49}.Debug|x86.Build.0 = Debug|Any CPU
		{5C0D368C-EAF8-4156-972B-31ECBD5D1B49}.Release|Any CPU.ActiveCfg = Release|Any CPU
		{5C0D368C-EAF8-4156-972B-31ECBD5D1B49}.Release|Any CPU.Build.0 = Release|Any CPU
		{5C0D368C-EAF8-4156-972B-31ECBD5D1B49}.Release|x64.ActiveCfg = Release|Any CPU
		{5C0D368C-EAF8-4156-972B-31ECBD5D1B49}.Release|x64.Build.0 = Release|Any CPU
		{5C0D368C-EAF8-4156-972B-31ECBD5D1B49}.Release|x86.ActiveCfg = Release|Any CPU
		{5C0D368C-EAF8-4156-972B-31ECBD5D1B49}.Release|x86.Build.0 = Release|Any CPU
		{90A5F2CA-74A6-484E-A423-D914257A236A}.Debug|Any CPU.ActiveCfg = Debug|Any CPU
		{90A5F2CA-74A6-484E-A423-D914257A236A}.Debug|Any CPU.Build.0 = Debug|Any CPU
		{90A5F2CA-74A6-484E-A423-D914257A236A}.Debug|x64.ActiveCfg = Debug|Any CPU
		{90A5F2CA-74A6-484E-A423-D914257A236A}.Debug|x64.Build.0 = Debug|Any CPU
		{90A5F2CA-74A6-484E-A423-D914257A236A}.Debug|x86.ActiveCfg = Debug|Any CPU
		{90A5F2CA-74A6-484E-A423-D914257A236A}.Debug|x86.Build.0 = Debug|Any CPU
		{90A5F2CA-74A6-484E-A423-D914257A236A}.Release|Any CPU.ActiveCfg = Release|Any CPU
		{90A5F2CA-74A6-484E-A423-D914257A236A}.Release|Any CPU.Build.0 = Release|Any CPU
		{90A5F2CA-74A6-484E-A423-D914257A236A}.Release|x64.ActiveCfg = Release|Any CPU
		{90A5F2CA-74A6-484E-A423-D914257A236A}.Release|x64.Build.0 = Release|Any CPU
		{90A5F2CA-74A6-484E-A423-D914257A236A}.Release|x86.ActiveCfg = Release|Any CPU
		{90A5F2CA-74A6-484E-A423-D914257A236A}.Release|x86.Build.0 = Release|Any CPU
		{E40CABCC-D32F-4F8F-9A93-503CBCE2E184}.Debug|Any CPU.ActiveCfg = Debug|Any CPU
		{E40CABCC-D32F-4F8F-9A93-503CBCE2E184}.Debug|Any CPU.Build.0 = Debug|Any CPU
		{E40CABCC-D32F-4F8F-9A93-503CBCE2E184}.Debug|x64.ActiveCfg = Debug|Any CPU
		{E40CABCC-D32F-4F8F-9A93-503CBCE2E184}.Debug|x64.Build.0 = Debug|Any CPU
		{E40CABCC-D32F-4F8F-9A93-503CBCE2E184}.Debug|x86.ActiveCfg = Debug|Any CPU
		{E40CABCC-D32F-4F8F-9A93-503CBCE2E184}.Debug|x86.Build.0 = Debug|Any CPU
		{E40CABCC-D32F-4F8F-9A93-503CBCE2E184}.Release|Any CPU.ActiveCfg = Release|Any CPU
		{E40CABCC-D32F-4F8F-9A93-503CBCE2E184}.Release|Any CPU.Build.0 = Release|Any CPU
		{E40CABCC-D32F-4F8F-9A93-503CBCE2E184}.Release|x64.ActiveCfg = Release|Any CPU
		{E40CABCC-D32F-4F8F-9A93-503CBCE2E184}.Release|x64.Build.0 = Release|Any CPU
		{E40CABCC-D32F-4F8F-9A93-503CBCE2E184}.Release|x86.ActiveCfg = Release|Any CPU
		{E40CABCC-D32F-4F8F-9A93-503CBCE2E184}.Release|x86.Build.0 = Release|Any CPU
		{7172033A-4A62-463A-955B-1E5F23DFE75E}.Debug|Any CPU.ActiveCfg = Debug|Any CPU
		{7172033A-4A62-463A-955B-1E5F23DFE75E}.Debug|Any CPU.Build.0 = Debug|Any CPU
		{7172033A-4A62-463A-955B-1E5F23DFE75E}.Debug|x64.ActiveCfg = Debug|Any CPU
		{7172033A-4A62-463A-955B-1E5F23DFE75E}.Debug|x64.Build.0 = Debug|Any CPU
		{7172033A-4A62-463A-955B-1E5F23DFE75E}.Debug|x86.ActiveCfg = Debug|Any CPU
		{7172033A-4A62-463A-955B-1E5F23DFE75E}.Debug|x86.Build.0 = Debug|Any CPU
		{7172033A-4A62-463A-955B-1E5F23DFE75E}.Release|Any CPU.ActiveCfg = Release|Any CPU
		{7172033A-4A62-463A-955B-1E5F23DFE75E}.Release|Any CPU.Build.0 = Release|Any CPU
		{7172033A-4A62-463A-955B-1E5F23DFE75E}.Release|x64.ActiveCfg = Release|Any CPU
		{7172033A-4A62-463A-955B-1E5F23DFE75E}.Release|x64.Build.0 = Release|Any CPU
		{7172033A-4A62-463A-955B-1E5F23DFE75E}.Release|x86.ActiveCfg = Release|Any CPU
		{7172033A-4A62-463A-955B-1E5F23DFE75E}.Release|x86.Build.0 = Release|Any CPU
		{A901DDF0-F77F-4E13-821D-9F25BF905068}.Debug|Any CPU.ActiveCfg = Debug|Any CPU
		{A901DDF0-F77F-4E13-821D-9F25BF905068}.Debug|Any CPU.Build.0 = Debug|Any CPU
		{A901DDF0-F77F-4E13-821D-9F25BF905068}.Debug|x64.ActiveCfg = Debug|Any CPU
		{A901DDF0-F77F-4E13-821D-9F25BF905068}.Debug|x64.Build.0 = Debug|Any CPU
		{A901DDF0-F77F-4E13-821D-9F25BF905068}.Debug|x86.ActiveCfg = Debug|Any CPU
		{A901DDF0-F77F-4E13-821D-9F25BF905068}.Debug|x86.Build.0 = Debug|Any CPU
		{A901DDF0-F77F-4E13-821D-9F25BF905068}.Release|Any CPU.ActiveCfg = Release|Any CPU
		{A901DDF0-F77F-4E13-821D-9F25BF905068}.Release|Any CPU.Build.0 = Release|Any CPU
		{A901DDF0-F77F-4E13-821D-9F25BF905068}.Release|x64.ActiveCfg = Release|Any CPU
		{A901DDF0-F77F-4E13-821D-9F25BF905068}.Release|x64.Build.0 = Release|Any CPU
		{A901DDF0-F77F-4E13-821D-9F25BF905068}.Release|x86.ActiveCfg = Release|Any CPU
		{A901DDF0-F77F-4E13-821D-9F25BF905068}.Release|x86.Build.0 = Release|Any CPU
	EndGlobalSection
	GlobalSection(SolutionProperties) = preSolution
		HideSolutionNode = FALSE
	EndGlobalSection
	GlobalSection(NestedProjects) = preSolution
		{8E296E0D-E471-4DDF-9B4C-99110E274757} = {827E0CD3-B72D-47B6-A68D-7590B98EB39B}
		{5C0D368C-EAF8-4156-972B-31ECBD5D1B49} = {827E0CD3-B72D-47B6-A68D-7590B98EB39B}
		{90A5F2CA-74A6-484E-A423-D914257A236A} = {827E0CD3-B72D-47B6-A68D-7590B98EB39B}
		{E40CABCC-D32F-4F8F-9A93-503CBCE2E184} = {827E0CD3-B72D-47B6-A68D-7590B98EB39B}
		{7172033A-4A62-463A-955B-1E5F23DFE75E} = {0AB3BF05-4346-4AA6-1389-037BE0695223}
		{A901DDF0-F77F-4E13-821D-9F25BF905068} = {0AB3BF05-4346-4AA6-1389-037BE0695223}
	EndGlobalSection
EndGlobal
